// !$*UTF8*$!
{
	archiveVersion = 1;
	classes = {
	};
	objectVersion = 50;
	objects = {

/* Begin PBXBuildFile section */
		780CBB97248DE3A60027B0E9 /* AppDelegate.m in Sources */ = {isa = PBXBuildFile; fileRef = 780CBB96248DE3A60027B0E9 /* AppDelegate.m */; };
		780CBB9A248DE3A60027B0E9 /* SceneDelegate.m in Sources */ = {isa = PBXBuildFile; fileRef = 780CBB99248DE3A60027B0E9 /* SceneDelegate.m */; };
		780CBB9D248DE3A60027B0E9 /* ViewController.m in Sources */ = {isa = PBXBuildFile; fileRef = 780CBB9C248DE3A60027B0E9 /* ViewController.m */; };
		780CBBA0248DE3A60027B0E9 /* Main.storyboard in Resources */ = {isa = PBXBuildFile; fileRef = 780CBB9E248DE3A60027B0E9 /* Main.storyboard */; };
		780CBBA2248DE3A80027B0E9 /* Assets.xcassets in Resources */ = {isa = PBXBuildFile; fileRef = 780CBBA1248DE3A80027B0E9 /* Assets.xcassets */; };
		780CBBA5248DE3A80027B0E9 /* LaunchScreen.storyboard in Resources */ = {isa = PBXBuildFile; fileRef = 780CBBA3248DE3A80027B0E9 /* LaunchScreen.storyboard */; };
		780CBBA8248DE3A80027B0E9 /* main.m in Sources */ = {isa = PBXBuildFile; fileRef = 780CBBA7248DE3A80027B0E9 /* main.m */; };
		780CBC42248E09FC0027B0E9 /* AModule.framework in Frameworks */ = {isa = PBXBuildFile; fileRef = 780CBC3F248E09FC0027B0E9 /* AModule.framework */; };
		780CBC43248E09FC0027B0E9 /* AModule.framework in Embed Frameworks */ = {isa = PBXBuildFile; fileRef = 780CBC3F248E09FC0027B0E9 /* AModule.framework */; settings = {ATTRIBUTES = (CodeSignOnCopy, RemoveHeadersOnCopy, ); }; };
		780CBC44248E09FC0027B0E9 /* BModule.framework in Frameworks */ = {isa = PBXBuildFile; fileRef = 780CBC40248E09FC0027B0E9 /* BModule.framework */; };
		780CBC45248E09FC0027B0E9 /* BModule.framework in Embed Frameworks */ = {isa = PBXBuildFile; fileRef = 780CBC40248E09FC0027B0E9 /* BModule.framework */; settings = {ATTRIBUTES = (CodeSignOnCopy, RemoveHeadersOnCopy, ); }; };
		780CBC46248E09FC0027B0E9 /* CommonModule.framework in Frameworks */ = {isa = PBXBuildFile; fileRef = 780CBC41248E09FC0027B0E9 /* CommonModule.framework */; };
		780CBC47248E09FC0027B0E9 /* CommonModule.framework in Embed Frameworks */ = {isa = PBXBuildFile; fileRef = 780CBC41248E09FC0027B0E9 /* CommonModule.framework */; settings = {ATTRIBUTES = (CodeSignOnCopy, RemoveHeadersOnCopy, ); }; };
		F9B7804CCCC64C16A7FB9FA8 /* Pods_OCModuleDemo.framework in Frameworks */ = {isa = PBXBuildFile; fileRef = F9A3CF331E712A2FBDB4922D /* Pods_OCModuleDemo.framework */; };
/* End PBXBuildFile section */

/* Begin PBXCopyFilesBuildPhase section */
		780CBC48248E09FC0027B0E9 /* Embed Frameworks */ = {
			isa = PBXCopyFilesBuildPhase;
			buildActionMask = 2147483647;
			dstPath = "";
			dstSubfolderSpec = 10;
			files = (
				780CBC47248E09FC0027B0E9 /* CommonModule.framework in Embed Frameworks */,
				780CBC43248E09FC0027B0E9 /* AModule.framework in Embed Frameworks */,
				780CBC45248E09FC0027B0E9 /* BModule.framework in Embed Frameworks */,
			);
			name = "Embed Frameworks";
			runOnlyForDeploymentPostprocessing = 0;
		};
/* End PBXCopyFilesBuildPhase section */

/* Begin PBXFileReference section */
		58D8FE7F6D8E5C0EC72C3C17 /* Pods-OCModuleDemo.debug.xcconfig */ = {isa = PBXFileReference; includeInIndex = 1; lastKnownFileType = text.xcconfig; name = "Pods-OCModuleDemo.debug.xcconfig"; path = "Target Support Files/Pods-OCModuleDemo/Pods-OCModuleDemo.debug.xcconfig"; sourceTree = "<group>"; };
		780CBB92248DE3A60027B0E9 /* OCModuleDemo.app */ = {isa = PBXFileReference; explicitFileType = wrapper.application; includeInIndex = 0; path = OCModuleDemo.app; sourceTree = BUILT_PRODUCTS_DIR; };
		780CBB95248DE3A60027B0E9 /* AppDelegate.h */ = {isa = PBXFileReference; lastKnownFileType = sourcecode.c.h; path = AppDelegate.h; sourceTree = "<group>"; };
		780CBB96248DE3A60027B0E9 /* AppDelegate.m */ = {isa = PBXFileReference; lastKnownFileType = sourcecode.c.objc; path = AppDelegate.m; sourceTree = "<group>"; };
		780CBB98248DE3A60027B0E9 /* SceneDelegate.h */ = {isa = PBXFileReference; lastKnownFileType = sourcecode.c.h; path = SceneDelegate.h; sourceTree = "<group>"; };
		780CBB99248DE3A60027B0E9 /* SceneDelegate.m */ = {isa = PBXFileReference; lastKnownFileType = sourcecode.c.objc; path = SceneDelegate.m; sourceTree = "<group>"; };
		780CBB9B248DE3A60027B0E9 /* ViewController.h */ = {isa = PBXFileReference; lastKnownFileType = sourcecode.c.h; path = ViewController.h; sourceTree = "<group>"; };
		780CBB9C248DE3A60027B0E9 /* ViewController.m */ = {isa = PBXFileReference; lastKnownFileType = sourcecode.c.objc; path = ViewController.m; sourceTree = "<group>"; };
		780CBB9F248DE3A60027B0E9 /* Base */ = {isa = PBXFileReference; lastKnownFileType = file.storyboard; name = Base; path = Base.lproj/Main.storyboard; sourceTree = "<group>"; };
		780CBBA1248DE3A80027B0E9 /* Assets.xcassets */ = {isa = PBXFileReference; lastKnownFileType = folder.assetcatalog; path = Assets.xcassets; sourceTree = "<group>"; };
		780CBBA4248DE3A80027B0E9 /* Base */ = {isa = PBXFileReference; lastKnownFileType = file.storyboard; name = Base; path = Base.lproj/LaunchScreen.storyboard; sourceTree = "<group>"; };
		780CBBA6248DE3A80027B0E9 /* Info.plist */ = {isa = PBXFileReference; lastKnownFileType = text.plist.xml; path = Info.plist; sourceTree = "<group>"; };
		780CBBA7248DE3A80027B0E9 /* main.m */ = {isa = PBXFileReference; lastKnownFileType = sourcecode.c.objc; path = main.m; sourceTree = "<group>"; };
		780CBC3F248E09FC0027B0E9 /* AModule.framework */ = {isa = PBXFileReference; explicitFileType = wrapper.framework; path = AModule.framework; sourceTree = BUILT_PRODUCTS_DIR; };
		780CBC40248E09FC0027B0E9 /* BModule.framework */ = {isa = PBXFileReference; explicitFileType = wrapper.framework; path = BModule.framework; sourceTree = BUILT_PRODUCTS_DIR; };
		780CBC41248E09FC0027B0E9 /* CommonModule.framework */ = {isa = PBXFileReference; explicitFileType = wrapper.framework; path = CommonModule.framework; sourceTree = BUILT_PRODUCTS_DIR; };
		BB34A435CEA4CD9B9B4AFED9 /* Pods-OCModuleDemo.release.xcconfig */ = {isa = PBXFileReference; includeInIndex = 1; lastKnownFileType = text.xcconfig; name = "Pods-OCModuleDemo.release.xcconfig"; path = "Target Support Files/Pods-OCModuleDemo/Pods-OCModuleDemo.release.xcconfig"; sourceTree = "<group>"; };
		F9A3CF331E712A2FBDB4922D /* Pods_OCModuleDemo.framework */ = {isa = PBXFileReference; explicitFileType = wrapper.framework; includeInIndex = 0; path = Pods_OCModuleDemo.framework; sourceTree = BUILT_PRODUCTS_DIR; };
/* End PBXFileReference section */

/* Begin PBXFrameworksBuildPhase section */
		780CBB8F248DE3A60027B0E9 /* Frameworks */ = {
			isa = PBXFrameworksBuildPhase;
			buildActionMask = 2147483647;
			files = (
				780CBC44248E09FC0027B0E9 /* BModule.framework in Frameworks */,
				780CBC46248E09FC0027B0E9 /* CommonModule.framework in Frameworks */,
				780CBC42248E09FC0027B0E9 /* AModule.framework in Frameworks */,
				F9B7804CCCC64C16A7FB9FA8 /* Pods_OCModuleDemo.framework in Frameworks */,
			);
			runOnlyForDeploymentPostprocessing = 0;
		};
/* End PBXFrameworksBuildPhase section */

/* Begin PBXGroup section */
		617103962813B4CA03B967B9 /* Pods */ = {
			isa = PBXGroup;
			children = (
				58D8FE7F6D8E5C0EC72C3C17 /* Pods-OCModuleDemo.debug.xcconfig */,
				BB34A435CEA4CD9B9B4AFED9 /* Pods-OCModuleDemo.release.xcconfig */,
			);
			path = Pods;
			sourceTree = "<group>";
		};
		780CBB89248DE3A60027B0E9 = {
			isa = PBXGroup;
			children = (
				780CBB94248DE3A60027B0E9 /* OCModuleDemo */,
				780CBB93248DE3A60027B0E9 /* Products */,
				617103962813B4CA03B967B9 /* Pods */,
				8CE15D74E54A941ADB0AB1AF /* Frameworks */,
			);
			sourceTree = "<group>";
		};
		780CBB93248DE3A60027B0E9 /* Products */ = {
			isa = PBXGroup;
			children = (
				780CBB92248DE3A60027B0E9 /* OCModuleDemo.app */,
			);
			name = Products;
			sourceTree = "<group>";
		};
		780CBB94248DE3A60027B0E9 /* OCModuleDemo */ = {
			isa = PBXGroup;
			children = (
				780CBB95248DE3A60027B0E9 /* AppDelegate.h */,
				780CBB96248DE3A60027B0E9 /* AppDelegate.m */,
				780CBB98248DE3A60027B0E9 /* SceneDelegate.h */,
				780CBB99248DE3A60027B0E9 /* SceneDelegate.m */,
				780CBB9B248DE3A60027B0E9 /* ViewController.h */,
				780CBB9C248DE3A60027B0E9 /* ViewController.m */,
				780CBB9E248DE3A60027B0E9 /* Main.storyboard */,
				780CBBA1248DE3A80027B0E9 /* Assets.xcassets */,
				780CBBA3248DE3A80027B0E9 /* LaunchScreen.storyboard */,
				780CBBA6248DE3A80027B0E9 /* Info.plist */,
				780CBBA7248DE3A80027B0E9 /* main.m */,
			);
			path = OCModuleDemo;
			sourceTree = "<group>";
		};
		8CE15D74E54A941ADB0AB1AF /* Frameworks */ = {
			isa = PBXGroup;
			children = (
				780CBC3F248E09FC0027B0E9 /* AModule.framework */,
				780CBC40248E09FC0027B0E9 /* BModule.framework */,
				780CBC41248E09FC0027B0E9 /* CommonModule.framework */,
				F9A3CF331E712A2FBDB4922D /* Pods_OCModuleDemo.framework */,
			);
			name = Frameworks;
			sourceTree = "<group>";
		};
/* End PBXGroup section */

/* Begin PBXNativeTarget section */
		780CBB91248DE3A60027B0E9 /* OCModuleDemo */ = {
			isa = PBXNativeTarget;
			buildConfigurationList = 780CBBAB248DE3A80027B0E9 /* Build configuration list for PBXNativeTarget "OCModuleDemo" */;
			buildPhases = (
				C565E0E0AF33C7300754E6AA /* [CP] Check Pods Manifest.lock */,
				780CBB8E248DE3A60027B0E9 /* Sources */,
				780CBB8F248DE3A60027B0E9 /* Frameworks */,
				780CBB90248DE3A60027B0E9 /* Resources */,
				780CBC48248E09FC0027B0E9 /* Embed Frameworks */,
			);
			buildRules = (
			);
			dependencies = (
			);
			name = OCModuleDemo;
			productName = OCModuleDemo;
			productReference = 780CBB92248DE3A60027B0E9 /* OCModuleDemo.app */;
			productType = "com.apple.product-type.application";
		};
/* End PBXNativeTarget section */

/* Begin PBXProject section */
		780CBB8A248DE3A60027B0E9 /* Project object */ = {
			isa = PBXProject;
			attributes = {
				LastUpgradeCheck = 1120;
				ORGANIZATIONNAME = agora;
				TargetAttributes = {
					780CBB91248DE3A60027B0E9 = {
						CreatedOnToolsVersion = 11.2.1;
					};
				};
			};
			buildConfigurationList = 780CBB8D248DE3A60027B0E9 /* Build configuration list for PBXProject "OCModuleDemo" */;
			compatibilityVersion = "Xcode 9.3";
			developmentRegion = en;
			hasScannedForEncodings = 0;
			knownRegions = (
				en,
				Base,
			);
			mainGroup = 780CBB89248DE3A60027B0E9;
			productRefGroup = 780CBB93248DE3A60027B0E9 /* Products */;
			projectDirPath = "";
			projectRoot = "";
			targets = (
				780CBB91248DE3A60027B0E9 /* OCModuleDemo */,
			);
		};
/* End PBXProject section */

/* Begin PBXResourcesBuildPhase section */
		780CBB90248DE3A60027B0E9 /* Resources */ = {
			isa = PBXResourcesBuildPhase;
			buildActionMask = 2147483647;
			files = (
				780CBBA5248DE3A80027B0E9 /* LaunchScreen.storyboard in Resources */,
				780CBBA2248DE3A80027B0E9 /* Assets.xcassets in Resources */,
				780CBBA0248DE3A60027B0E9 /* Main.storyboard in Resources */,
			);
			runOnlyForDeploymentPostprocessing = 0;
		};
/* End PBXResourcesBuildPhase section */

/* Begin PBXShellScriptBuildPhase section */
		C565E0E0AF33C7300754E6AA /* [CP] Check Pods Manifest.lock */ = {
			isa = PBXShellScriptBuildPhase;
			buildActionMask = 2147483647;
			files = (
			);
			inputFileListPaths = (
			);
			inputPaths = (
				"${PODS_PODFILE_DIR_PATH}/Podfile.lock",
				"${PODS_ROOT}/Manifest.lock",
			);
			name = "[CP] Check Pods Manifest.lock";
			outputFileListPaths = (
			);
			outputPaths = (
				"$(DERIVED_FILE_DIR)/Pods-OCModuleDemo-checkManifestLockResult.txt",
			);
			runOnlyForDeploymentPostprocessing = 0;
			shellPath = /bin/sh;
			shellScript = "diff \"${PODS_PODFILE_DIR_PATH}/Podfile.lock\" \"${PODS_ROOT}/Manifest.lock\" > /dev/null\nif [ $? != 0 ] ; then\n    # print error to STDERR\n    echo \"error: The sandbox is not in sync with the Podfile.lock. Run 'pod install' or update your CocoaPods installation.\" >&2\n    exit 1\nfi\n# This output is used by Xcode 'outputs' to avoid re-running this script phase.\necho \"SUCCESS\" > \"${SCRIPT_OUTPUT_FILE_0}\"\n";
			showEnvVarsInLog = 0;
		};
/* End PBXShellScriptBuildPhase section */

/* Begin PBXSourcesBuildPhase section */
		780CBB8E248DE3A60027B0E9 /* Sources */ = {
			isa = PBXSourcesBuildPhase;
			buildActionMask = 2147483647;
			files = (
				780CBB9D248DE3A60027B0E9 /* ViewController.m in Sources */,
				780CBB97248DE3A60027B0E9 /* AppDelegate.m in Sources */,
				780CBBA8248DE3A80027B0E9 /* main.m in Sources */,
				780CBB9A248DE3A60027B0E9 /* SceneDelegate.m in Sources */,
			);
			runOnlyForDeploymentPostprocessing = 0;
		};
/* End PBXSourcesBuildPhase section */

/* Begin PBXVariantGroup section */
		780CBB9E248DE3A60027B0E9 /* Main.storyboard */ = {
			isa = PBXVariantGroup;
			children = (
				780CBB9F248DE3A60027B0E9 /* Base */,
			);
			name = Main.storyboard;
			sourceTree = "<group>";
		};
		780CBBA3248DE3A80027B0E9 /* LaunchScreen.storyboard */ = {
			isa = PBXVariantGroup;
			children = (
				780CBBA4248DE3A80027B0E9 /* Base */,
			);
			name = LaunchScreen.storyboard;
			sourceTree = "<group>";
		};
/* End PBXVariantGroup section */

/* Begin XCBuildConfiguration section */
		780CBBA9248DE3A80027B0E9 /* Debug */ = {
			isa = XCBuildConfiguration;
			buildSettings = {
				ALWAYS_SEARCH_USER_PATHS = NO;
				CLANG_ANALYZER_NONNULL = YES;
				CLANG_ANALYZER_NUMBER_OBJECT_CONVERSION = YES_AGGRESSIVE;
				CLANG_CXX_LANGUAGE_STANDARD = "gnu++14";
				CLANG_CXX_LIBRARY = "libc++";
				CLANG_ENABLE_MODULES = YES;
				CLANG_ENABLE_OBJC_ARC = YES;
				CLANG_ENABLE_OBJC_WEAK = YES;
				CLANG_WARN_BLOCK_CAPTURE_AUTORELEASING = YES;
				CLANG_WARN_BOOL_CONVERSION = YES;
				CLANG_WARN_COMMA = YES;
				CLANG_WARN_CONSTANT_CONVERSION = YES;
				CLANG_WARN_DEPRECATED_OBJC_IMPLEMENTATIONS = YES;
				CLANG_WARN_DIRECT_OBJC_ISA_USAGE = YES_ERROR;
				CLANG_WARN_DOCUMENTATION_COMMENTS = YES;
				CLANG_WARN_EMPTY_BODY = YES;
				CLANG_WARN_ENUM_CONVERSION = YES;
				CLANG_WARN_INFINITE_RECURSION = YES;
				CLANG_WARN_INT_CONVERSION = YES;
				CLANG_WARN_NON_LITERAL_NULL_CONVERSION = YES;
				CLANG_WARN_OBJC_IMPLICIT_RETAIN_SELF = YES;
				CLANG_WARN_OBJC_LITERAL_CONVERSION = YES;
				CLANG_WARN_OBJC_ROOT_CLASS = YES_ERROR;
				CLANG_WARN_RANGE_LOOP_ANALYSIS = YES;
				CLANG_WARN_STRICT_PROTOTYPES = YES;
				CLANG_WARN_SUSPICIOUS_MOVE = YES;
				CLANG_WARN_UNGUARDED_AVAILABILITY = YES_AGGRESSIVE;
				CLANG_WARN_UNREACHABLE_CODE = YES;
				CLANG_WARN__DUPLICATE_METHOD_MATCH = YES;
				COPY_PHASE_STRIP = NO;
				DEBUG_INFORMATION_FORMAT = dwarf;
				ENABLE_STRICT_OBJC_MSGSEND = YES;
				ENABLE_TESTABILITY = YES;
				GCC_C_LANGUAGE_STANDARD = gnu11;
				GCC_DYNAMIC_NO_PIC = NO;
				GCC_NO_COMMON_BLOCKS = YES;
				GCC_OPTIMIZATION_LEVEL = 0;
				GCC_PREPROCESSOR_DEFINITIONS = (
					"DEBUG=1",
					"$(inherited)",
				);
				GCC_WARN_64_TO_32_BIT_CONVERSION = YES;
				GCC_WARN_ABOUT_RETURN_TYPE = YES_ERROR;
				GCC_WARN_UNDECLARED_SELECTOR = YES;
				GCC_WARN_UNINITIALIZED_AUTOS = YES_AGGRESSIVE;
				GCC_WARN_UNUSED_FUNCTION = YES;
				GCC_WARN_UNUSED_VARIABLE = YES;
				IPHONEOS_DEPLOYMENT_TARGET = 13.2;
				MTL_ENABLE_DEBUG_INFO = INCLUDE_SOURCE;
				MTL_FAST_MATH = YES;
				ONLY_ACTIVE_ARCH = YES;
				SDKROOT = iphoneos;
			};
			name = Debug;
		};
		780CBBAA248DE3A80027B0E9 /* Release */ = {
			isa = XCBuildConfiguration;
			buildSettings = {
				ALWAYS_SEARCH_USER_PATHS = NO;
				CLANG_ANALYZER_NONNULL = YES;
				CLANG_ANALYZER_NUMBER_OBJECT_CONVERSION = YES_AGGRESSIVE;
				CLANG_CXX_LANGUAGE_STANDARD = "gnu++14";
				CLANG_CXX_LIBRARY = "libc++";
				CLANG_ENABLE_MODULES = YES;
				CLANG_ENABLE_OBJC_ARC = YES;
				CLANG_ENABLE_OBJC_WEAK = YES;
				CLANG_WARN_BLOCK_CAPTURE_AUTORELEASING = YES;
				CLANG_WARN_BOOL_CONVERSION = YES;
				CLANG_WARN_COMMA = YES;
				CLANG_WARN_CONSTANT_CONVERSION = YES;
				CLANG_WARN_DEPRECATED_OBJC_IMPLEMENTATIONS = YES;
				CLANG_WARN_DIRECT_OBJC_ISA_USAGE = YES_ERROR;
				CLANG_WARN_DOCUMENTATION_COMMENTS = YES;
				CLANG_WARN_EMPTY_BODY = YES;
				CLANG_WARN_ENUM_CONVERSION = YES;
				CLANG_WARN_INFINITE_RECURSION = YES;
				CLANG_WARN_INT_CONVERSION = YES;
				CLANG_WARN_NON_LITERAL_NULL_CONVERSION = YES;
				CLANG_WARN_OBJC_IMPLICIT_RETAIN_SELF = YES;
				CLANG_WARN_OBJC_LITERAL_CONVERSION = YES;
				CLANG_WARN_OBJC_ROOT_CLASS = YES_ERROR;
				CLANG_WARN_RANGE_LOOP_ANALYSIS = YES;
				CLANG_WARN_STRICT_PROTOTYPES = YES;
				CLANG_WARN_SUSPICIOUS_MOVE = YES;
				CLANG_WARN_UNGUARDED_AVAILABILITY = YES_AGGRESSIVE;
				CLANG_WARN_UNREACHABLE_CODE = YES;
				CLANG_WARN__DUPLICATE_METHOD_MATCH = YES;
				COPY_PHASE_STRIP = NO;
				DEBUG_INFORMATION_FORMAT = "dwarf-with-dsym";
				ENABLE_NS_ASSERTIONS = NO;
				ENABLE_STRICT_OBJC_MSGSEND = YES;
				GCC_C_LANGUAGE_STANDARD = gnu11;
				GCC_NO_COMMON_BLOCKS = YES;
				GCC_WARN_64_TO_32_BIT_CONVERSION = YES;
				GCC_WARN_ABOUT_RETURN_TYPE = YES_ERROR;
				GCC_WARN_UNDECLARED_SELECTOR = YES;
				GCC_WARN_UNINITIALIZED_AUTOS = YES_AGGRESSIVE;
				GCC_WARN_UNUSED_FUNCTION = YES;
				GCC_WARN_UNUSED_VARIABLE = YES;
				IPHONEOS_DEPLOYMENT_TARGET = 13.2;
				MTL_ENABLE_DEBUG_INFO = NO;
				MTL_FAST_MATH = YES;
				SDKROOT = iphoneos;
				VALIDATE_PRODUCT = YES;
			};
			name = Release;
		};
		780CBBAC248DE3A80027B0E9 /* Debug */ = {
			isa = XCBuildConfiguration;
			baseConfigurationReference = 58D8FE7F6D8E5C0EC72C3C17 /* Pods-OCModuleDemo.debug.xcconfig */;
			buildSettings = {
				ASSETCATALOG_COMPILER_APPICON_NAME = AppIcon;
				CODE_SIGN_STYLE = Automatic;
				INFOPLIST_FILE = OCModuleDemo/Info.plist;
				LD_RUNPATH_SEARCH_PATHS = (
					"$(inherited)",
					"@executable_path/Frameworks",
				);
				PRODUCT_BUNDLE_IDENTIFIER = io.agora.OCModuleDemo;
				PRODUCT_NAME = "$(TARGET_NAME)";
				TARGETED_DEVICE_FAMILY = "1,2";
			};
			name = Debug;
		};
		780CBBAD248DE3A80027B0E9 /* Release */ = {
			isa = XCBuildConfiguration;
			baseConfigurationReference = BB34A435CEA4CD9B9B4AFED9 /* Pods-OCModuleDemo.release.xcconfig */;
			buildSettings = {
				ASSETCATALOG_COMPILER_APPICON_NAME = AppIcon;
				CODE_SIGN_STYLE = Automatic;
				INFOPLIST_FILE = OCModuleDemo/Info.plist;
				LD_RUNPATH_SEARCH_PATHS = (
					"$(inherited)",
					"@executable_path/Frameworks",
				);
				PRODUCT_BUNDLE_IDENTIFIER = io.agora.OCModuleDemo;
				PRODUCT_NAME = "$(TARGET_NAME)";
				TARGETED_DEVICE_FAMILY = "1,2";
			};
			name = Release;
		};
/* End XCBuildConfiguration section */

/* Begin XCConfigurationList section */
		780CBB8D248DE3A60027B0E9 /* Build configuration list for PBXProject "OCModuleDemo" */ = {
			isa = XCConfigurationList;
			buildConfigurations = (
				780CBBA9248DE3A80027B0E9 /* Debug */,
				780CBBAA248DE3A80027B0E9 /* Release */,
			);
			defaultConfigurationIsVisible = 0;
			defaultConfigurationName = Release;
		};
		780CBBAB248DE3A80027B0E9 /* Build configuration list for PBXNativeTarget "OCModuleDemo" */ = {
			isa = XCConfigurationList;
			buildConfigurations = (
				780CBBAC248DE3A80027B0E9 /* Debug */,
				780CBBAD248DE3A80027B0E9 /* Release */,
			);
			defaultConfigurationIsVisible = 0;
			defaultConfigurationName = Release;
		};
/* End XCConfigurationList section */
	};
	rootObject = 780CBB8A248DE3A60027B0E9 /* Project object */;
}
